
Microsoft Visual Studio Solution File, Format Version 12.00
# Visual Studio Version 16
VisualStudioVersion = 16.0.31424.327
MinimumVisualStudioVersion = 10.0.40219.1
Project("{9A19103F-16F7-4668-BE54-9A1E7A4F7556}") = "DataLayer", "DataLayer\DataLayer.csproj", "{10319190-B64F-4303-9F7A-DB2BFCF6BCCB}"
EndProject
Project("{9A19103F-16F7-4668-BE54-9A1E7A4F7556}") = "UnitTesting", "UnitTesting\UnitTesting.csproj", "{B6603FAF-5612-4560-86BD-9EA7BBA5E86D}"
EndProject
Project("{FAE04EC0-301F-11D3-BF4B-00C04F79EFBC}") = "DataModel", "DataModel\DataModel.csproj", "{29A5E5C2-BBDA-48A9-8A18-B033022662E2}"
EndProject
Project("{FAE04EC0-301F-11D3-BF4B-00C04F79EFBC}") = "BusinessLayer", "BusinessLayer\BusinessLayer.csproj", "{3B8020E1-B51E-41FC-8483-DDFD4A476113}"
EndProject
Project("{FAE04EC0-301F-11D3-BF4B-00C04F79EFBC}") = "API-suggestions", "API-suggestions\API-suggestions.csproj", "{F33844BD-5E8F-4EF3-8DC9-80DED94BA842}"
EndProject
Global
	GlobalSection(SolutionConfigurationPlatforms) = preSolution
		Debug|Any CPU = Debug|Any CPU
		Release|Any CPU = Release|Any CPU
	EndGlobalSection
	GlobalSection(ProjectConfigurationPlatforms) = postSolution
		{10319190-B64F-4303-9F7A-DB2BFCF6BCCB}.Debug|Any CPU.ActiveCfg = Debug|Any CPU
		{10319190-B64F-4303-9F7A-DB2BFCF6BCCB}.Debug|Any CPU.Build.0 = Debug|Any CPU
		{10319190-B64F-4303-9F7A-DB2BFCF6BCCB}.Release|Any CPU.ActiveCfg = Release|Any CPU
		{10319190-B64F-4303-9F7A-DB2BFCF6BCCB}.Release|Any CPU.Build.0 = Release|Any CPU
		{B6603FAF-5612-4560-86BD-9EA7BBA5E86D}.Debug|Any CPU.ActiveCfg = Debug|Any CPU
		{B6603FAF-5612-4560-86BD-9EA7BBA5E86D}.Debug|Any CPU.Build.0 = Debug|Any CPU
		{B6603FAF-5612-4560-86BD-9EA7BBA5E86D}.Release|Any CPU.ActiveCfg = Release|Any CPU
		{B6603FAF-5612-4560-86BD-9EA7BBA5E86D}.Release|Any CPU.Build.0 = Release|Any CPU
		{29A5E5C2-BBDA-48A9-8A18-B033022662E2}.Debug|Any CPU.ActiveCfg = Debug|Any CPU
		{29A5E5C2-BBDA-48A9-8A18-B033022662E2}.Debug|Any CPU.Build.0 = Debug|Any CPU
		{29A5E5C2-BBDA-48A9-8A18-B033022662E2}.Release|Any CPU.ActiveCfg = Release|Any CPU
		{29A5E5C2-BBDA-48A9-8A18-B033022662E2}.Release|Any CPU.Build.0 = Release|Any CPU
		{3B8020E1-B51E-41FC-8483-DDFD4A476113}.Debug|Any CPU.ActiveCfg = Debug|Any CPU
		{3B8020E1-B51E-41FC-8483-DDFD4A476113}.Debug|Any CPU.Build.0 = Debug|Any CPU
		{3B8020E1-B51E-41FC-8483-DDFD4A476113}.Release|Any CPU.ActiveCfg = Release|Any CPU
		{3B8020E1-B51E-41FC-8483-DDFD4A476113}.Release|Any CPU.Build.0 = Release|Any CPU
		{F33844BD-5E8F-4EF3-8DC9-80DED94BA842}.Debug|Any CPU.ActiveCfg = Debug|Any CPU
		{F33844BD-5E8F-4EF3-8DC9-80DED94BA842}.Debug|Any CPU.Build.0 = Debug|Any CPU
		{F33844BD-5E8F-4EF3-8DC9-80DED94BA842}.Release|Any CPU.ActiveCfg = Release|Any CPU
		{F33844BD-5E8F-4EF3-8DC9-80DED94BA842}.Release|Any CPU.Build.0 = Release|Any CPU
	EndGlobalSection
	GlobalSection(SolutionProperties) = preSolution
		HideSolutionNode = FALSE
	EndGlobalSection
	GlobalSection(ExtensibilityGlobals) = postSolution
		SolutionGuid = {D717D5E8-1F70-4FBE-919E-91EDAD3CBC00}
	EndGlobalSection
EndGlobal
